
Microsoft Visual Studio Solution File, Format Version 12.00
# Visual Studio 14
VisualStudioVersion = 14.0.25420.1
MinimumVisualStudioVersion = 10.0.40219.1
Project("{FAE04EC0-301F-11D3-BF4B-00C04F79EFBC}") = "DsSpeeds", "DsSpeeds\DsSpeeds.csproj", "{5B953D80-E887-4855-972A-1B6F3208EC11}"
EndProject
Project("{2150E333-8FDC-42A3-9474-1A3956D46DE8}") = "PublishScripts", "PublishScripts", "{45A80730-60A8-4C96-A43F-4E2CEB9D4BC3}"
	ProjectSection(SolutionItems) = preProject
		PublishScripts\AzureWebsitePublishModule.psm1 = PublishScripts\AzureWebsitePublishModule.psm1
		PublishScripts\Publish-WebApplicationWebsite.ps1 = PublishScripts\Publish-WebApplicationWebsite.ps1
	EndProjectSection
EndProject
Project("{2150E333-8FDC-42A3-9474-1A3956D46DE8}") = "Configurations", "Configurations", "{608F791E-D0EF-4C0D-BE3B-9F121F580703}"
	ProjectSection(SolutionItems) = preProject
		PublishScripts\Configurations\DsSpeeds-WAWS-dev.json = PublishScripts\Configurations\DsSpeeds-WAWS-dev.json
	EndProjectSection
EndProject
Project("{2150E333-8FDC-42A3-9474-1A3956D46DE8}") = "Solution Items", "Solution Items", "{6729F58A-ADFB-4C32-9D8D-719FB599B975}"
	ProjectSection(SolutionItems) = preProject
		Local.testsettings = Local.testsettings
	EndProjectSection
EndProject
Project("{FAE04EC0-301F-11D3-BF4B-00C04F79EFBC}") = "Domain", "Domain\Domain.csproj", "{18318238-4BCA-47FF-A400-22E24A380EC2}"
EndProject
Project("{FAE04EC0-301F-11D3-BF4B-00C04F79EFBC}") = "Shared", "Shared\Shared.csproj", "{E2F4F435-1BA6-42F6-9097-F112F2CBDE08}"
EndProject
Global
	GlobalSection(SolutionConfigurationPlatforms) = preSolution
		Debug|Any CPU = Debug|Any CPU
		Release|Any CPU = Release|Any CPU
	EndGlobalSection
	GlobalSection(ProjectConfigurationPlatforms) = postSolution
		{5B953D80-E887-4855-972A-1B6F3208EC11}.Debug|Any CPU.ActiveCfg = Debug|Any CPU
		{5B953D80-E887-4855-972A-1B6F3208EC11}.Debug|Any CPU.Build.0 = Debug|Any CPU
		{5B953D80-E887-4855-972A-1B6F3208EC11}.Release|Any CPU.ActiveCfg = Release|Any CPU
		{5B953D80-E887-4855-972A-1B6F3208EC11}.Release|Any CPU.Build.0 = Release|Any CPU
		{18318238-4BCA-47FF-A400-22E24A380EC2}.Debug|Any CPU.ActiveCfg = Debug|Any CPU
		{18318238-4BCA-47FF-A400-22E24A380EC2}.Debug|Any CPU.Build.0 = Debug|Any CPU
		{18318238-4BCA-47FF-A400-22E24A380EC2}.Release|Any CPU.ActiveCfg = Release|Any CPU
		{18318238-4BCA-47FF-A400-22E24A380EC2}.Release|Any CPU.Build.0 = Release|Any CPU
		{E2F4F435-1BA6-42F6-9097-F112F2CBDE08}.Debug|Any CPU.ActiveCfg = Debug|Any CPU
		{E2F4F435-1BA6-42F6-9097-F112F2CBDE08}.Debug|Any CPU.Build.0 = Debug|Any CPU
		{E2F4F435-1BA6-42F6-9097-F112F2CBDE08}.Release|Any CPU.ActiveCfg = Release|Any CPU
		{E2F4F435-1BA6-42F6-9097-F112F2CBDE08}.Release|Any CPU.Build.0 = Release|Any CPU
	EndGlobalSection
	GlobalSection(SolutionProperties) = preSolution
		HideSolutionNode = FALSE
	EndGlobalSection
	GlobalSection(NestedProjects) = preSolution
		{608F791E-D0EF-4C0D-BE3B-9F121F580703} = {45A80730-60A8-4C96-A43F-4E2CEB9D4BC3}
	EndGlobalSection
EndGlobal
