
Microsoft Visual Studio Solution File, Format Version 12.00
# Visual Studio 14
VisualStudioVersion = 14.0.25420.1
MinimumVisualStudioVersion = 10.0.40219.1
Project("{FAE04EC0-301F-11D3-BF4B-00C04F79EFBC}") = "DsSpeeds", "DsSpeeds\DsSpeeds.csproj", "{5B953D80-E887-4855-972A-1B6F3208EC11}"
EndProject
Project("{2150E333-8FDC-42A3-9474-1A3956D46DE8}") = "Solution Items", "Solution Items", "{6729F58A-ADFB-4C32-9D8D-719FB599B975}"
EndProject
Project("{FAE04EC0-301F-11D3-BF4B-00C04F79EFBC}") = "Domain", "Domain\Domain.csproj", "{18318238-4BCA-47FF-A400-22E24A380EC2}"
EndProject
Project("{FAE04EC0-301F-11D3-BF4B-00C04F79EFBC}") = "Shared", "Shared\Shared.csproj", "{E2F4F435-1BA6-42F6-9097-F112F2CBDE08}"
EndProject
Project("{FAE04EC0-301F-11D3-BF4B-00C04F79EFBC}") = "Commands", "Commands\Commands.csproj", "{EC1FF44E-9408-4DB6-8292-A4633E968C66}"
EndProject
Project("{FAE04EC0-301F-11D3-BF4B-00C04F79EFBC}") = "Data", "Data\Data.csproj", "{DC48B2AE-1505-4F97-A8C7-22840E434004}"
EndProject
Project("{FAE04EC0-301F-11D3-BF4B-00C04F79EFBC}") = "DatabaseInitialiser", "DatabaseInitialiser\DatabaseInitialiser.csproj", "{67209462-73D8-4F00-9F50-B46BBBB9D3C5}"
EndProject
Project("{FAE04EC0-301F-11D3-BF4B-00C04F79EFBC}") = "Read", "Read\Read.csproj", "{BDE56135-00BE-4C1D-8183-A29084B47710}"
EndProject
Project("{2150E333-8FDC-42A3-9474-1A3956D46DE8}") = "Tests", "Tests", "{8DA73AF3-F528-4CBC-A577-1C48AADCE9E8}"
EndProject
Project("{FAE04EC0-301F-11D3-BF4B-00C04F79EFBC}") = "UnitTests", "UnitTests\UnitTests.csproj", "{6FB53653-A118-42FC-B196-39AB695B4899}"
EndProject
Global
	GlobalSection(SolutionConfigurationPlatforms) = preSolution
		Debug|Any CPU = Debug|Any CPU
		Release|Any CPU = Release|Any CPU
	EndGlobalSection
	GlobalSection(ProjectConfigurationPlatforms) = postSolution
		{5B953D80-E887-4855-972A-1B6F3208EC11}.Debug|Any CPU.ActiveCfg = Debug|Any CPU
		{5B953D80-E887-4855-972A-1B6F3208EC11}.Debug|Any CPU.Build.0 = Debug|Any CPU
		{5B953D80-E887-4855-972A-1B6F3208EC11}.Release|Any CPU.ActiveCfg = Release|Any CPU
		{5B953D80-E887-4855-972A-1B6F3208EC11}.Release|Any CPU.Build.0 = Release|Any CPU
		{18318238-4BCA-47FF-A400-22E24A380EC2}.Debug|Any CPU.ActiveCfg = Debug|Any CPU
		{18318238-4BCA-47FF-A400-22E24A380EC2}.Debug|Any CPU.Build.0 = Debug|Any CPU
		{18318238-4BCA-47FF-A400-22E24A380EC2}.Release|Any CPU.ActiveCfg = Release|Any CPU
		{18318238-4BCA-47FF-A400-22E24A380EC2}.Release|Any CPU.Build.0 = Release|Any CPU
		{E2F4F435-1BA6-42F6-9097-F112F2CBDE08}.Debug|Any CPU.ActiveCfg = Debug|Any CPU
		{E2F4F435-1BA6-42F6-9097-F112F2CBDE08}.Debug|Any CPU.Build.0 = Debug|Any CPU
		{E2F4F435-1BA6-42F6-9097-F112F2CBDE08}.Release|Any CPU.ActiveCfg = Release|Any CPU
		{E2F4F435-1BA6-42F6-9097-F112F2CBDE08}.Release|Any CPU.Build.0 = Release|Any CPU
		{EC1FF44E-9408-4DB6-8292-A4633E968C66}.Debug|Any CPU.ActiveCfg = Debug|Any CPU
		{EC1FF44E-9408-4DB6-8292-A4633E968C66}.Debug|Any CPU.Build.0 = Debug|Any CPU
		{EC1FF44E-9408-4DB6-8292-A4633E968C66}.Release|Any CPU.ActiveCfg = Release|Any CPU
		{EC1FF44E-9408-4DB6-8292-A4633E968C66}.Release|Any CPU.Build.0 = Release|Any CPU
		{DC48B2AE-1505-4F97-A8C7-22840E434004}.Debug|Any CPU.ActiveCfg = Debug|Any CPU
		{DC48B2AE-1505-4F97-A8C7-22840E434004}.Debug|Any CPU.Build.0 = Debug|Any CPU
		{DC48B2AE-1505-4F97-A8C7-22840E434004}.Release|Any CPU.ActiveCfg = Release|Any CPU
		{DC48B2AE-1505-4F97-A8C7-22840E434004}.Release|Any CPU.Build.0 = Release|Any CPU
		{67209462-73D8-4F00-9F50-B46BBBB9D3C5}.Debug|Any CPU.ActiveCfg = Debug|Any CPU
		{67209462-73D8-4F00-9F50-B46BBBB9D3C5}.Debug|Any CPU.Build.0 = Debug|Any CPU
		{67209462-73D8-4F00-9F50-B46BBBB9D3C5}.Release|Any CPU.ActiveCfg = Release|Any CPU
		{67209462-73D8-4F00-9F50-B46BBBB9D3C5}.Release|Any CPU.Build.0 = Release|Any CPU
		{BDE56135-00BE-4C1D-8183-A29084B47710}.Debug|Any CPU.ActiveCfg = Debug|Any CPU
		{BDE56135-00BE-4C1D-8183-A29084B47710}.Debug|Any CPU.Build.0 = Debug|Any CPU
		{BDE56135-00BE-4C1D-8183-A29084B47710}.Release|Any CPU.ActiveCfg = Release|Any CPU
		{BDE56135-00BE-4C1D-8183-A29084B47710}.Release|Any CPU.Build.0 = Release|Any CPU
		{6FB53653-A118-42FC-B196-39AB695B4899}.Debug|Any CPU.ActiveCfg = Debug|Any CPU
		{6FB53653-A118-42FC-B196-39AB695B4899}.Debug|Any CPU.Build.0 = Debug|Any CPU
		{6FB53653-A118-42FC-B196-39AB695B4899}.Release|Any CPU.ActiveCfg = Release|Any CPU
		{6FB53653-A118-42FC-B196-39AB695B4899}.Release|Any CPU.Build.0 = Release|Any CPU
	EndGlobalSection
	GlobalSection(SolutionProperties) = preSolution
		HideSolutionNode = FALSE
	EndGlobalSection
	GlobalSection(NestedProjects) = preSolution
		{67209462-73D8-4F00-9F50-B46BBBB9D3C5} = {6729F58A-ADFB-4C32-9D8D-719FB599B975}
		{6FB53653-A118-42FC-B196-39AB695B4899} = {8DA73AF3-F528-4CBC-A577-1C48AADCE9E8}
	EndGlobalSection
EndGlobal
